
Microsoft Visual Studio Solution File, Format Version 12.00
# Visual Studio Version 16
VisualStudioVersion = 16.0.31321.278
MinimumVisualStudioVersion = 10.0.40219.1
Project("{FAE04EC0-301F-11D3-BF4B-00C04F79EFBC}") = "Arrays", "Arrays\Arrays.csproj", "{C95E9F5E-4A11-493A-8066-8E5F03861DA3}"
EndProject
Global
	GlobalSection(SolutionConfigurationPlatforms) = preSolution
		Debug|Any CPU = Debug|Any CPU
		Release|Any CPU = Release|Any CPU
	EndGlobalSection
	GlobalSection(ProjectConfigurationPlatforms) = postSolution
		{C95E9F5E-4A11-493A-8066-8E5F03861DA3}.Debug|Any CPU.ActiveCfg = Debug|Any CPU
		{C95E9F5E-4A11-493A-8066-8E5F03861DA3}.Debug|Any CPU.Build.0 = Debug|Any CPU
		{C95E9F5E-4A11-493A-8066-8E5F03861DA3}.Release|Any CPU.ActiveCfg = Release|Any CPU
		{C95E9F5E-4A11-493A-8066-8E5F03861DA3}.Release|Any CPU.Build.0 = Release|Any CPU
	EndGlobalSection
	GlobalSection(SolutionProperties) = preSolution
		HideSolutionNode = FALSE
	EndGlobalSection
	GlobalSection(ExtensibilityGlobals) = postSolution
		SolutionGuid = {15552E93-0ED7-4FEC-8DC4-5DE12056FA6B}
	EndGlobalSection
EndGlobal
