
Microsoft Visual Studio Solution File, Format Version 12.00
# Visual Studio Version 16
VisualStudioVersion = 16.0.31321.278
MinimumVisualStudioVersion = 10.0.40219.1
Project("{FAE04EC0-301F-11D3-BF4B-00C04F79EFBC}") = "MethodSamples", "MethodSamples\MethodSamples.csproj", "{4E641F4B-B6A0-4BE8-BF00-D0DF5C129BCF}"
EndProject
Global
	GlobalSection(SolutionConfigurationPlatforms) = preSolution
		Debug|Any CPU = Debug|Any CPU
		Release|Any CPU = Release|Any CPU
	EndGlobalSection
	GlobalSection(ProjectConfigurationPlatforms) = postSolution
		{4E641F4B-B6A0-4BE8-BF00-D0DF5C129BCF}.Debug|Any CPU.ActiveCfg = Debug|Any CPU
		{4E641F4B-B6A0-4BE8-BF00-D0DF5C129BCF}.Debug|Any CPU.Build.0 = Debug|Any CPU
		{4E641F4B-B6A0-4BE8-BF00-D0DF5C129BCF}.Release|Any CPU.ActiveCfg = Release|Any CPU
		{4E641F4B-B6A0-4BE8-BF00-D0DF5C129BCF}.Release|Any CPU.Build.0 = Release|Any CPU
	EndGlobalSection
	GlobalSection(SolutionProperties) = preSolution
		HideSolutionNode = FALSE
	EndGlobalSection
	GlobalSection(ExtensibilityGlobals) = postSolution
		SolutionGuid = {BD637C29-1173-4867-9792-E1AE28A5A5AE}
	EndGlobalSection
EndGlobal
