
Microsoft Visual Studio Solution File, Format Version 12.00
# Visual Studio Version 16
VisualStudioVersion = 16.0.31321.278
MinimumVisualStudioVersion = 10.0.40219.1
Project("{FAE04EC0-301F-11D3-BF4B-00C04F79EFBC}") = "addObjectWithCode", "addObjectWithCode\addObjectWithCode.csproj", "{067D0C03-410E-436E-A395-7820486DB84C}"
EndProject
Global
	GlobalSection(SolutionConfigurationPlatforms) = preSolution
		Debug|Any CPU = Debug|Any CPU
		Release|Any CPU = Release|Any CPU
	EndGlobalSection
	GlobalSection(ProjectConfigurationPlatforms) = postSolution
		{067D0C03-410E-436E-A395-7820486DB84C}.Debug|Any CPU.ActiveCfg = Debug|Any CPU
		{067D0C03-410E-436E-A395-7820486DB84C}.Debug|Any CPU.Build.0 = Debug|Any CPU
		{067D0C03-410E-436E-A395-7820486DB84C}.Release|Any CPU.ActiveCfg = Release|Any CPU
		{067D0C03-410E-436E-A395-7820486DB84C}.Release|Any CPU.Build.0 = Release|Any CPU
	EndGlobalSection
	GlobalSection(SolutionProperties) = preSolution
		HideSolutionNode = FALSE
	EndGlobalSection
	GlobalSection(ExtensibilityGlobals) = postSolution
		SolutionGuid = {A713B8FA-159B-49F1-BAFA-1C6E46224F53}
	EndGlobalSection
EndGlobal
